{
  "name": "SunPower",
  "lockfileVersion": 2,
  "requires": true,
  "packages": {
    "": {
      "dependencies": {
        "tarteaucitronjs": "^1.9.6"
      }
    },
    "node_modules/tarteaucitronjs": {
      "version": "1.9.6",
      "resolved": "https://registry.npmjs.org/tarteaucitronjs/-/tarteaucitronjs-1.9.6.tgz",
      "integrity": "sha512-WZZek0dGqXASTZSMld2uuXtXUFk0zMCx84C8Ae71kajl9iV6KKeYeZZzrfQRk1TLuKGUZmzyDhnlV5UHGapA3g=="
    }
  },
  "dependencies": {
    "tarteaucitronjs": {
      "version": "1.9.6",
      "resolved": "https://registry.npmjs.org/tarteaucitronjs/-/tarteaucitronjs-1.9.6.tgz",
      "integrity": "sha512-WZZek0dGqXASTZSMld2uuXtXUFk0zMCx84C8Ae71kajl9iV6KKeYeZZzrfQRk1TLuKGUZmzyDhnlV5UHGapA3g=="
    }
  }
}
